// !$*UTF8*$!
{
	archiveVersion = 1;
	classes = {
	};
	objectVersion = 46;
	objects = {

/* Begin PBXBuildFile section */
		EEFEF41B1DFA25A6007D4581 /* AppDelegate.swift in Sources */ = {isa = PBXBuildFile; fileRef = EEFEF41A1DFA25A6007D4581 /* AppDelegate.swift */; };
		EEFEF41D1DFA25A6007D4581 /* ViewController.swift in Sources */ = {isa = PBXBuildFile; fileRef = EEFEF41C1DFA25A6007D4581 /* ViewController.swift */; };
		EEFEF4201DFA25A6007D4581 /* Main.storyboard in Resources */ = {isa = PBXBuildFile; fileRef = EEFEF41E1DFA25A6007D4581 /* Main.storyboard */; };
		EEFEF4231DFA25A6007D4581 /* CoreDataTest.xcdatamodeld in Sources */ = {isa = PBXBuildFile; fileRef = EEFEF4211DFA25A6007D4581 /* CoreDataTest.xcdatamodeld */; };
		EEFEF4251DFA25A6007D4581 /* Assets.xcassets in Resources */ = {isa = PBXBuildFile; fileRef = EEFEF4241DFA25A6007D4581 /* Assets.xcassets */; };
		EEFEF4281DFA25A6007D4581 /* LaunchScreen.storyboard in Resources */ = {isa = PBXBuildFile; fileRef = EEFEF4261DFA25A6007D4581 /* LaunchScreen.storyboard */; };
/* End PBXBuildFile section */

/* Begin PBXFileReference section */
		EEFEF4171DFA25A6007D4581 /* CoreDataTest.app */ = {isa = PBXFileReference; explicitFileType = wrapper.application; includeInIndex = 0; path = CoreDataTest.app; sourceTree = BUILT_PRODUCTS_DIR; };
		EEFEF41A1DFA25A6007D4581 /* AppDelegate.swift */ = {isa = PBXFileReference; lastKnownFileType = sourcecode.swift; path = AppDelegate.swift; sourceTree = "<group>"; };
		EEFEF41C1DFA25A6007D4581 /* ViewController.swift */ = {isa = PBXFileReference; lastKnownFileType = sourcecode.swift; path = ViewController.swift; sourceTree = "<group>"; };
		EEFEF41F1DFA25A6007D4581 /* Base */ = {isa = PBXFileReference; lastKnownFileType = file.storyboard; name = Base; path = Base.lproj/Main.storyboard; sourceTree = "<group>"; };
		EEFEF4221DFA25A6007D4581 /* CoreDataTest.xcdatamodel */ = {isa = PBXFileReference; lastKnownFileType = wrapper.xcdatamodel; path = CoreDataTest.xcdatamodel; sourceTree = "<group>"; };
		EEFEF4241DFA25A6007D4581 /* Assets.xcassets */ = {isa = PBXFileReference; lastKnownFileType = folder.assetcatalog; path = Assets.xcassets; sourceTree = "<group>"; };
		EEFEF4271DFA25A6007D4581 /* Base */ = {isa = PBXFileReference; lastKnownFileType = file.storyboard; name = Base; path = Base.lproj/LaunchScreen.storyboard; sourceTree = "<group>"; };
		EEFEF4291DFA25A6007D4581 /* Info.plist */ = {isa = PBXFileReference; lastKnownFileType = text.plist.xml; path = Info.plist; sourceTree = "<group>"; };
/* End PBXFileReference section */

/* Begin PBXFrameworksBuildPhase section */
		EEFEF4141DFA25A6007D4581 /* Frameworks */ = {
			isa = PBXFrameworksBuildPhase;
			buildActionMask = 2147483647;
			files = (
			);
			runOnlyForDeploymentPostprocessing = 0;
		};
/* End PBXFrameworksBuildPhase section */

/* Begin PBXGroup section */
		EEFEF40E1DFA25A6007D4581 = {
			isa = PBXGroup;
			children = (
				EEFEF4191DFA25A6007D4581 /* CoreDataTest */,
				EEFEF4181DFA25A6007D4581 /* Products */,
			);
			sourceTree = "<group>";
		};
		EEFEF4181DFA25A6007D4581 /* Products */ = {
			isa = PBXGroup;
			children = (
				EEFEF4171DFA25A6007D4581 /* CoreDataTest.app */,
			);
			name = Products;
			sourceTree = "<group>";
		};
		EEFEF4191DFA25A6007D4581 /* CoreDataTest */ = {
			isa = PBXGroup;
			children = (
				EEFEF41A1DFA25A6007D4581 /* AppDelegate.swift */,
				EEFEF41C1DFA25A6007D4581 /* ViewController.swift */,
				EEFEF41E1DFA25A6007D4581 /* Main.storyboard */,
				EEFEF4241DFA25A6007D4581 /* Assets.xcassets */,
				EEFEF4261DFA25A6007D4581 /* LaunchScreen.storyboard */,
				EEFEF4291DFA25A6007D4581 /* Info.plist */,
				EEFEF4211DFA25A6007D4581 /* CoreDataTest.xcdatamodeld */,
			);
			path = CoreDataTest;
			sourceTree = "<group>";
		};
/* End PBXGroup section */

/* Begin PBXNativeTarget section */
		EEFEF4161DFA25A6007D4581 /* CoreDataTest */ = {
			isa = PBXNativeTarget;
			buildConfigurationList = EEFEF42C1DFA25A6007D4581 /* Build configuration list for PBXNativeTarget "CoreDataTest" */;
			buildPhases = (
				EEFEF4131DFA25A6007D4581 /* Sources */,
				EEFEF4141DFA25A6007D4581 /* Frameworks */,
				EEFEF4151DFA25A6007D4581 /* Resources */,
			);
			buildRules = (
			);
			dependencies = (
			);
			name = CoreDataTest;
			productName = CoreDataTest;
			productReference = EEFEF4171DFA25A6007D4581 /* CoreDataTest.app */;
			productType = "com.apple.product-type.application";
		};
/* End PBXNativeTarget section */

/* Begin PBXProject section */
		EEFEF40F1DFA25A6007D4581 /* Project object */ = {
			isa = PBXProject;
			attributes = {
				LastSwiftUpdateCheck = 0810;
				LastUpgradeCheck = 0810;
				ORGANIZATIONNAME = "Mark Anthony Corpuz";
				TargetAttributes = {
					EEFEF4161DFA25A6007D4581 = {
						CreatedOnToolsVersion = 8.1;
						DevelopmentTeam = YW6AF3KC37;
						ProvisioningStyle = Automatic;
					};
				};
			};
			buildConfigurationList = EEFEF4121DFA25A6007D4581 /* Build configuration list for PBXProject "CoreDataTest" */;
			compatibilityVersion = "Xcode 3.2";
			developmentRegion = English;
			hasScannedForEncodings = 0;
			knownRegions = (
				en,
				Base,
			);
			mainGroup = EEFEF40E1DFA25A6007D4581;
			productRefGroup = EEFEF4181DFA25A6007D4581 /* Products */;
			projectDirPath = "";
			projectRoot = "";
			targets = (
				EEFEF4161DFA25A6007D4581 /* CoreDataTest */,
			);
		};
/* End PBXProject section */

/* Begin PBXResourcesBuildPhase section */
		EEFEF4151DFA25A6007D4581 /* Resources */ = {
			isa = PBXResourcesBuildPhase;
			buildActionMask = 2147483647;
			files = (
				EEFEF4281DFA25A6007D4581 /* LaunchScreen.storyboard in Resources */,
				EEFEF4251DFA25A6007D4581 /* Assets.xcassets in Resources */,
				EEFEF4201DFA25A6007D4581 /* Main.storyboard in Resources */,
			);
			runOnlyForDeploymentPostprocessing = 0;
		};
/* End PBXResourcesBuildPhase section */

/* Begin PBXSourcesBuildPhase section */
		EEFEF4131DFA25A6007D4581 /* Sources */ = {
			isa = PBXSourcesBuildPhase;
			buildActionMask = 2147483647;
			files = (
				EEFEF41D1DFA25A6007D4581 /* ViewController.swift in Sources */,
				EEFEF4231DFA25A6007D4581 /* CoreDataTest.xcdatamodeld in Sources */,
				EEFEF41B1DFA25A6007D4581 /* AppDelegate.swift in Sources */,
			);
			runOnlyForDeploymentPostprocessing = 0;
		};
/* End PBXSourcesBuildPhase section */

/* Begin PBXVariantGroup section */
		EEFEF41E1DFA25A6007D4581 /* Main.storyboard */ = {
			isa = PBXVariantGroup;
			children = (
				EEFEF41F1DFA25A6007D4581 /* Base */,
			);
			name = Main.storyboard;
			sourceTree = "<group>";
		};
		EEFEF4261DFA25A6007D4581 /* LaunchScreen.storyboard */ = {
			isa = PBXVariantGroup;
			children = (
				EEFEF4271DFA25A6007D4581 /* Base */,
			);
			name = LaunchScreen.storyboard;
			sourceTree = "<group>";
		};
/* End PBXVariantGroup section */

/* Begin XCBuildConfiguration section */
		EEFEF42A1DFA25A6007D4581 /* Debug */ = {
			isa = XCBuildConfiguration;
			buildSettings = {
				ALWAYS_SEARCH_USER_PATHS = NO;
				CLANG_ANALYZER_NONNULL = YES;
				CLANG_CXX_LANGUAGE_STANDARD = "gnu++0x";
				CLANG_CXX_LIBRARY = "libc++";
				CLANG_ENABLE_MODULES = YES;
				CLANG_ENABLE_OBJC_ARC = YES;
				CLANG_WARN_BOOL_CONVERSION = YES;
				CLANG_WARN_CONSTANT_CONVERSION = YES;
				CLANG_WARN_DIRECT_OBJC_ISA_USAGE = YES_ERROR;
				CLANG_WARN_DOCUMENTATION_COMMENTS = YES;
				CLANG_WARN_EMPTY_BODY = YES;
				CLANG_WARN_ENUM_CONVERSION = YES;
				CLANG_WARN_INFINITE_RECURSION = YES;
				CLANG_WARN_INT_CONVERSION = YES;
				CLANG_WARN_OBJC_ROOT_CLASS = YES_ERROR;
				CLANG_WARN_SUSPICIOUS_MOVES = YES;
				CLANG_WARN_UNREACHABLE_CODE = YES;
				CLANG_WARN__DUPLICATE_METHOD_MATCH = YES;
				"CODE_SIGN_IDENTITY[sdk=iphoneos*]" = "iPhone Developer";
				COPY_PHASE_STRIP = NO;
				DEBUG_INFORMATION_FORMAT = dwarf;
				ENABLE_STRICT_OBJC_MSGSEND = YES;
				ENABLE_TESTABILITY = YES;
				GCC_C_LANGUAGE_STANDARD = gnu99;
				GCC_DYNAMIC_NO_PIC = NO;
				GCC_NO_COMMON_BLOCKS = YES;
				GCC_OPTIMIZATION_LEVEL = 0;
				GCC_PREPROCESSOR_DEFINITIONS = (
					"DEBUG=1",
					"$(inherited)",
				);
				GCC_WARN_64_TO_32_BIT_CONVERSION = YES;
				GCC_WARN_ABOUT_RETURN_TYPE = YES_ERROR;
				GCC_WARN_UNDECLARED_SELECTOR = YES;
				GCC_WARN_UNINITIALIZED_AUTOS = YES_AGGRESSIVE;
				GCC_WARN_UNUSED_FUNCTION = YES;
				GCC_WARN_UNUSED_VARIABLE = YES;
				IPHONEOS_DEPLOYMENT_TARGET = 10.1;
				MTL_ENABLE_DEBUG_INFO = YES;
				ONLY_ACTIVE_ARCH = YES;
				SDKROOT = iphoneos;
				SWIFT_ACTIVE_COMPILATION_CONDITIONS = DEBUG;
				SWIFT_OPTIMIZATION_LEVEL = "-Onone";
				TARGETED_DEVICE_FAMILY = "1,2";
			};
			name = Debug;
		};
		EEFEF42B1DFA25A6007D4581 /* Release */ = {
			isa = XCBuildConfiguration;
			buildSettings = {
				ALWAYS_SEARCH_USER_PATHS = NO;
				CLANG_ANALYZER_NONNULL = YES;
				CLANG_CXX_LANGUAGE_STANDARD = "gnu++0x";
				CLANG_CXX_LIBRARY = "libc++";
				CLANG_ENABLE_MODULES = YES;
				CLANG_ENABLE_OBJC_ARC = YES;
				CLANG_WARN_BOOL_CONVERSION = YES;
				CLANG_WARN_CONSTANT_CONVERSION = YES;
				CLANG_WARN_DIRECT_OBJC_ISA_USAGE = YES_ERROR;
				CLANG_WARN_DOCUMENTATION_COMMENTS = YES;
				CLANG_WARN_EMPTY_BODY = YES;
				CLANG_WARN_ENUM_CONVERSION = YES;
				CLANG_WARN_INFINITE_RECURSION = YES;
				CLANG_WARN_INT_CONVERSION = YES;
				CLANG_WARN_OBJC_ROOT_CLASS = YES_ERROR;
				CLANG_WARN_SUSPICIOUS_MOVES = YES;
				CLANG_WARN_UNREACHABLE_CODE = YES;
				CLANG_WARN__DUPLICATE_METHOD_MATCH = YES;
				"CODE_SIGN_IDENTITY[sdk=iphoneos*]" = "iPhone Developer";
				COPY_PHASE_STRIP = NO;
				DEBUG_INFORMATION_FORMAT = "dwarf-with-dsym";
				ENABLE_NS_ASSERTIONS = NO;
				ENABLE_STRICT_OBJC_MSGSEND = YES;
				GCC_C_LANGUAGE_STANDARD = gnu99;
				GCC_NO_COMMON_BLOCKS = YES;
				GCC_WARN_64_TO_32_BIT_CONVERSION = YES;
				GCC_WARN_ABOUT_RETURN_TYPE = YES_ERROR;
				GCC_WARN_UNDECLARED_SELECTOR = YES;
				GCC_WARN_UNINITIALIZED_AUTOS = YES_AGGRESSIVE;
				GCC_WARN_UNUSED_FUNCTION = YES;
				GCC_WARN_UNUSED_VARIABLE = YES;
				IPHONEOS_DEPLOYMENT_TARGET = 10.1;
				MTL_ENABLE_DEBUG_INFO = NO;
				SDKROOT = iphoneos;
				SWIFT_OPTIMIZATION_LEVEL = "-Owholemodule";
				TARGETED_DEVICE_FAMILY = "1,2";
				VALIDATE_PRODUCT = YES;
			};
			name = Release;
		};
		EEFEF42D1DFA25A6007D4581 /* Debug */ = {
			isa = XCBuildConfiguration;
			buildSettings = {
				ASSETCATALOG_COMPILER_APPICON_NAME = AppIcon;
				DEVELOPMENT_TEAM = YW6AF3KC37;
				INFOPLIST_FILE = CoreDataTest/Info.plist;
				LD_RUNPATH_SEARCH_PATHS = "$(inherited) @executable_path/Frameworks";
				PRODUCT_BUNDLE_IDENTIFIER = com.mbcorpuz.CoreDataTest;
				PRODUCT_NAME = "$(TARGET_NAME)";
				SWIFT_VERSION = 3.0;
			};
			name = Debug;
		};
		EEFEF42E1DFA25A6007D4581 /* Release */ = {
			isa = XCBuildConfiguration;
			buildSettings = {
				ASSETCATALOG_COMPILER_APPICON_NAME = AppIcon;
				DEVELOPMENT_TEAM = YW6AF3KC37;
				INFOPLIST_FILE = CoreDataTest/Info.plist;
				LD_RUNPATH_SEARCH_PATHS = "$(inherited) @executable_path/Frameworks";
				PRODUCT_BUNDLE_IDENTIFIER = com.mbcorpuz.CoreDataTest;
				PRODUCT_NAME = "$(TARGET_NAME)";
				SWIFT_VERSION = 3.0;
			};
			name = Release;
		};
/* End XCBuildConfiguration section */

/* Begin XCConfigurationList section */
		EEFEF4121DFA25A6007D4581 /* Build configuration list for PBXProject "CoreDataTest" */ = {
			isa = XCConfigurationList;
			buildConfigurations = (
				EEFEF42A1DFA25A6007D4581 /* Debug */,
				EEFEF42B1DFA25A6007D4581 /* Release */,
			);
			defaultConfigurationIsVisible = 0;
			defaultConfigurationName = Release;
		};
		EEFEF42C1DFA25A6007D4581 /* Build configuration list for PBXNativeTarget "CoreDataTest" */ = {
			isa = XCConfigurationList;
			buildConfigurations = (
				EEFEF42D1DFA25A6007D4581 /* Debug */,
				EEFEF42E1DFA25A6007D4581 /* Release */,
			);
			defaultConfigurationIsVisible = 0;
		};
/* End XCConfigurationList section */

/* Begin XCVersionGroup section */
		EEFEF4211DFA25A6007D4581 /* CoreDataTest.xcdatamodeld */ = {
			isa = XCVersionGroup;
			children = (
				EEFEF4221DFA25A6007D4581 /* CoreDataTest.xcdatamodel */,
			);
			currentVersion = EEFEF4221DFA25A6007D4581 /* CoreDataTest.xcdatamodel */;
			path = CoreDataTest.xcdatamodeld;
			sourceTree = "<group>";
			versionGroupType = wrapper.xcdatamodel;
		};
/* End XCVersionGroup section */
	};
	rootObject = EEFEF40F1DFA25A6007D4581 /* Project object */;
}
